
Microsoft Visual Studio Solution File, Format Version 12.00
# Visual Studio 15
VisualStudioVersion = 15.0.27703.2018
MinimumVisualStudioVersion = 10.0.40219.1
Project("{9A19103F-16F7-4668-BE54-9A1E7A4F7556}") = "FileProcessing", "PdfProcessing\FileProcessing.csproj", "{705DE07C-DC08-4074-ADB1-BA5577D6C005}"
EndProject
Project("{9A19103F-16F7-4668-BE54-9A1E7A4F7556}") = "UnitTestPdfProcessing", "UnitTestPdfProcessing\UnitTestPdfProcessing.csproj", "{15F3C3A8-5901-4929-8AF2-491234D911E3}"
EndProject
Project("{FAE04EC0-301F-11D3-BF4B-00C04F79EFBC}") = "ShoppingListCreator", "ShoppingListCreator\ShoppingListCreator.csproj", "{4CDFEA7C-2AE7-4DBC-94AE-170C055083F6}"
EndProject
Global
	GlobalSection(SolutionConfigurationPlatforms) = preSolution
		Debug|Any CPU = Debug|Any CPU
		Release|Any CPU = Release|Any CPU
	EndGlobalSection
	GlobalSection(ProjectConfigurationPlatforms) = postSolution
		{705DE07C-DC08-4074-ADB1-BA5577D6C005}.Debug|Any CPU.ActiveCfg = Debug|Any CPU
		{705DE07C-DC08-4074-ADB1-BA5577D6C005}.Debug|Any CPU.Build.0 = Debug|Any CPU
		{705DE07C-DC08-4074-ADB1-BA5577D6C005}.Release|Any CPU.ActiveCfg = Release|Any CPU
		{705DE07C-DC08-4074-ADB1-BA5577D6C005}.Release|Any CPU.Build.0 = Release|Any CPU
		{15F3C3A8-5901-4929-8AF2-491234D911E3}.Debug|Any CPU.ActiveCfg = Debug|Any CPU
		{15F3C3A8-5901-4929-8AF2-491234D911E3}.Debug|Any CPU.Build.0 = Debug|Any CPU
		{15F3C3A8-5901-4929-8AF2-491234D911E3}.Release|Any CPU.ActiveCfg = Release|Any CPU
		{15F3C3A8-5901-4929-8AF2-491234D911E3}.Release|Any CPU.Build.0 = Release|Any CPU
		{4CDFEA7C-2AE7-4DBC-94AE-170C055083F6}.Debug|Any CPU.ActiveCfg = Debug|Any CPU
		{4CDFEA7C-2AE7-4DBC-94AE-170C055083F6}.Debug|Any CPU.Build.0 = Debug|Any CPU
		{4CDFEA7C-2AE7-4DBC-94AE-170C055083F6}.Release|Any CPU.ActiveCfg = Release|Any CPU
		{4CDFEA7C-2AE7-4DBC-94AE-170C055083F6}.Release|Any CPU.Build.0 = Release|Any CPU
	EndGlobalSection
	GlobalSection(SolutionProperties) = preSolution
		HideSolutionNode = FALSE
	EndGlobalSection
	GlobalSection(ExtensibilityGlobals) = postSolution
		SolutionGuid = {23B65170-3385-4A8F-A096-DC68D4B561F8}
	EndGlobalSection
EndGlobal
